
Microsoft Visual Studio Solution File, Format Version 11.00
# Visual Studio 2010
Project("{FAE04EC0-301F-11D3-BF4B-00C04F79EFBC}") = "Assembly-CSharp", "Assembly-CSharp.csproj", "{A996027E-5F1D-06AE-D5D4-73E11648550C}"
EndProject
Project("{FAE04EC0-301F-11D3-BF4B-00C04F79EFBC}") = "Assembly-CSharp-firstpass", "Assembly-CSharp-firstpass.csproj", "{3F2ADB35-E070-7C66-CA75-A9C4B49A901D}"
EndProject
Project("{FAE04EC0-301F-11D3-BF4B-00C04F79EFBC}") = "Assembly-CSharp-Editor-firstpass", "Assembly-CSharp-Editor-firstpass.csproj", "{9BCAF32F-8BFB-0985-6E19-E04778B1D7B3}"
EndProject
Project("{FAE04EC0-301F-11D3-BF4B-00C04F79EFBC}") = "Assembly-CSharp-Editor", "Assembly-CSharp-Editor.csproj", "{B92566D6-1651-66C9-EF96-5DE1D5098316}"
EndProject
Global
	GlobalSection(SolutionConfigurationPlatforms) = preSolution
		Debug|Any CPU = Debug|Any CPU
		Release|Any CPU = Release|Any CPU
	EndGlobalSection
	GlobalSection(ProjectConfigurationPlatforms) = postSolution
		{A996027E-5F1D-06AE-D5D4-73E11648550C}.Debug|Any CPU.ActiveCfg = Debug|Any CPU
		{A996027E-5F1D-06AE-D5D4-73E11648550C}.Debug|Any CPU.Build.0 = Debug|Any CPU
		{A996027E-5F1D-06AE-D5D4-73E11648550C}.Release|Any CPU.ActiveCfg = Release|Any CPU
		{A996027E-5F1D-06AE-D5D4-73E11648550C}.Release|Any CPU.Build.0 = Release|Any CPU
		{3F2ADB35-E070-7C66-CA75-A9C4B49A901D}.Debug|Any CPU.ActiveCfg = Debug|Any CPU
		{3F2ADB35-E070-7C66-CA75-A9C4B49A901D}.Debug|Any CPU.Build.0 = Debug|Any CPU
		{3F2ADB35-E070-7C66-CA75-A9C4B49A901D}.Release|Any CPU.ActiveCfg = Release|Any CPU
		{3F2ADB35-E070-7C66-CA75-A9C4B49A901D}.Release|Any CPU.Build.0 = Release|Any CPU
		{9BCAF32F-8BFB-0985-6E19-E04778B1D7B3}.Debug|Any CPU.ActiveCfg = Debug|Any CPU
		{9BCAF32F-8BFB-0985-6E19-E04778B1D7B3}.Debug|Any CPU.Build.0 = Debug|Any CPU
		{9BCAF32F-8BFB-0985-6E19-E04778B1D7B3}.Release|Any CPU.ActiveCfg = Release|Any CPU
		{9BCAF32F-8BFB-0985-6E19-E04778B1D7B3}.Release|Any CPU.Build.0 = Release|Any CPU
		{B92566D6-1651-66C9-EF96-5DE1D5098316}.Debug|Any CPU.ActiveCfg = Debug|Any CPU
		{B92566D6-1651-66C9-EF96-5DE1D5098316}.Debug|Any CPU.Build.0 = Debug|Any CPU
		{B92566D6-1651-66C9-EF96-5DE1D5098316}.Release|Any CPU.ActiveCfg = Release|Any CPU
		{B92566D6-1651-66C9-EF96-5DE1D5098316}.Release|Any CPU.Build.0 = Release|Any CPU
	EndGlobalSection
	GlobalSection(SolutionProperties) = preSolution
		HideSolutionNode = FALSE
	EndGlobalSection
EndGlobal
